// !$*UTF8*$!
{
	archiveVersion = 1;
	classes = {
	};
	objectVersion = 46;
	objects = {

/* Begin PBXBuildFile section */
		67F99A93B7CA5D610C386F37 /* Pods_Swift_Weibo.framework in Frameworks */ = {isa = PBXBuildFile; fileRef = 7C11F8CAF2F9ABA63A32067A /* Pods_Swift_Weibo.framework */; };
		A53A64E91D5309450061D794 /* UIView+Extension.swift in Sources */ = {isa = PBXBuildFile; fileRef = A53A64E81D5309450061D794 /* UIView+Extension.swift */; };
		A53A64EB1D53198C0061D794 /* MessageViewController.swift in Sources */ = {isa = PBXBuildFile; fileRef = A53A64EA1D53198C0061D794 /* MessageViewController.swift */; };
		A53A64ED1D5342C70061D794 /* Media.xcassets in Resources */ = {isa = PBXBuildFile; fileRef = A53A64EC1D5342C70061D794 /* Media.xcassets */; };
		A53A64EF1D5343EB0061D794 /* ScanningViewController.swift in Sources */ = {isa = PBXBuildFile; fileRef = A53A64EE1D5343EB0061D794 /* ScanningViewController.swift */; };
		A53A64F11D542F530061D794 /* PopoverViewController.swift in Sources */ = {isa = PBXBuildFile; fileRef = A53A64F01D542F530061D794 /* PopoverViewController.swift */; };
		A55475A11D5488A5002DB0A0 /* PopoverAnimator.swift in Sources */ = {isa = PBXBuildFile; fileRef = A55475A01D5488A5002DB0A0 /* PopoverAnimator.swift */; };
		A55475A61D54BA0D002DB0A0 /* HTTPAPI.swift in Sources */ = {isa = PBXBuildFile; fileRef = A55475A51D54BA0D002DB0A0 /* HTTPAPI.swift */; };
		A55475A81D5507DE002DB0A0 /* OAuthViewController.swift in Sources */ = {isa = PBXBuildFile; fileRef = A55475A71D5507DE002DB0A0 /* OAuthViewController.swift */; };
		A55475AA1D550E8F002DB0A0 /* Common.swift in Sources */ = {isa = PBXBuildFile; fileRef = A55475A91D550E8F002DB0A0 /* Common.swift */; };
		A55475AF1D55AB26002DB0A0 /* BaseModel.swift in Sources */ = {isa = PBXBuildFile; fileRef = A55475AE1D55AB26002DB0A0 /* BaseModel.swift */; };
		A55475B11D55AB4F002DB0A0 /* UserAccount.swift in Sources */ = {isa = PBXBuildFile; fileRef = A55475B01D55AB4F002DB0A0 /* UserAccount.swift */; };
		A592D6FF1D6A2851002FE68C /* EmojiconViewController.swift in Sources */ = {isa = PBXBuildFile; fileRef = A592D6FC1D6A2851002FE68C /* EmojiconViewController.swift */; };
		A592D7001D6A2851002FE68C /* EmotionFlowLayout.swift in Sources */ = {isa = PBXBuildFile; fileRef = A592D6FD1D6A2851002FE68C /* EmotionFlowLayout.swift */; };
		A592D7031D6A289A002FE68C /* EmotionManager.swift in Sources */ = {isa = PBXBuildFile; fileRef = A592D7021D6A289A002FE68C /* EmotionManager.swift */; };
		A592D7051D6A28C3002FE68C /* EmtionPackage.swift in Sources */ = {isa = PBXBuildFile; fileRef = A592D7041D6A28C3002FE68C /* EmtionPackage.swift */; };
		A592D7071D6A28EB002FE68C /* Emoticon.swift in Sources */ = {isa = PBXBuildFile; fileRef = A592D7061D6A28EB002FE68C /* Emoticon.swift */; };
		A592D7091D6A29D6002FE68C /* Emoticons.bundle in Resources */ = {isa = PBXBuildFile; fileRef = A592D7081D6A29D6002FE68C /* Emoticons.bundle */; };
		A592D70B1D6A2F6B002FE68C /* ViewController.swift in Sources */ = {isa = PBXBuildFile; fileRef = A592D70A1D6A2F6B002FE68C /* ViewController.swift */; };
		A592D70D1D6A8251002FE68C /* EmoticonCollectionViewCell.swift in Sources */ = {isa = PBXBuildFile; fileRef = A592D70C1D6A8251002FE68C /* EmoticonCollectionViewCell.swift */; };
		A5BB4E6A1D51C8EC00687DB7 /* AppDelegate.swift in Sources */ = {isa = PBXBuildFile; fileRef = A5BB4E691D51C8EC00687DB7 /* AppDelegate.swift */; };
		A5BB4E6F1D51C8EC00687DB7 /* Main.storyboard in Resources */ = {isa = PBXBuildFile; fileRef = A5BB4E6D1D51C8EC00687DB7 /* Main.storyboard */; };
		A5BB4E841D51E01200687DB7 /* MainViewController.swift in Sources */ = {isa = PBXBuildFile; fileRef = A5BB4E831D51E01200687DB7 /* MainViewController.swift */; };
		A5BB4E8B1D52D34100687DB7 /* Message.storyboard in Resources */ = {isa = PBXBuildFile; fileRef = A5BB4E891D52D34100687DB7 /* Message.storyboard */; };
		A5BB4E901D52D37C00687DB7 /* Profile.storyboard in Resources */ = {isa = PBXBuildFile; fileRef = A5BB4E8E1D52D37C00687DB7 /* Profile.storyboard */; };
		A5BB4E9A1D52E37900687DB7 /* Discover.storyboard in Resources */ = {isa = PBXBuildFile; fileRef = A5BB4E961D52E37900687DB7 /* Discover.storyboard */; };
		A5BB4E9B1D52E37900687DB7 /* Home.storyboard in Resources */ = {isa = PBXBuildFile; fileRef = A5BB4E981D52E37900687DB7 /* Home.storyboard */; };
		A5BB4E9D1D52FB5600687DB7 /* HomeViewController.swift in Sources */ = {isa = PBXBuildFile; fileRef = A5BB4E9C1D52FB5600687DB7 /* HomeViewController.swift */; };
		A5BB4EA01D52FC4D00687DB7 /* BaseViewController.swift in Sources */ = {isa = PBXBuildFile; fileRef = A5BB4E9F1D52FC4D00687DB7 /* BaseViewController.swift */; };
		A5BB4EA21D52FD0A00687DB7 /* BaseTableViewController.swift in Sources */ = {isa = PBXBuildFile; fileRef = A5BB4EA11D52FD0A00687DB7 /* BaseTableViewController.swift */; };
		A5BB4EA41D53023A00687DB7 /* VisitorView.swift in Sources */ = {isa = PBXBuildFile; fileRef = A5BB4EA31D53023A00687DB7 /* VisitorView.swift */; };
		A5BB4EA61D53026400687DB7 /* VisitorView.xib in Resources */ = {isa = PBXBuildFile; fileRef = A5BB4EA51D53026400687DB7 /* VisitorView.xib */; };
/* End PBXBuildFile section */

/* Begin PBXFileReference section */
		10B01C8BAE27BCBF1DD8756C /* Pods-Swift_Weibo.release.xcconfig */ = {isa = PBXFileReference; includeInIndex = 1; lastKnownFileType = text.xcconfig; name = "Pods-Swift_Weibo.release.xcconfig"; path = "Pods/Target Support Files/Pods-Swift_Weibo/Pods-Swift_Weibo.release.xcconfig"; sourceTree = "<group>"; };
		2D2AFACC3694E48E984D4556 /* Pods-Swift_Weibo.debug.xcconfig */ = {isa = PBXFileReference; includeInIndex = 1; lastKnownFileType = text.xcconfig; name = "Pods-Swift_Weibo.debug.xcconfig"; path = "Pods/Target Support Files/Pods-Swift_Weibo/Pods-Swift_Weibo.debug.xcconfig"; sourceTree = "<group>"; };
		7C11F8CAF2F9ABA63A32067A /* Pods_Swift_Weibo.framework */ = {isa = PBXFileReference; explicitFileType = wrapper.framework; includeInIndex = 0; path = Pods_Swift_Weibo.framework; sourceTree = BUILT_PRODUCTS_DIR; };
		A53A64E81D5309450061D794 /* UIView+Extension.swift */ = {isa = PBXFileReference; fileEncoding = 4; lastKnownFileType = sourcecode.swift; path = "UIView+Extension.swift"; sourceTree = "<group>"; };
		A53A64EA1D53198C0061D794 /* MessageViewController.swift */ = {isa = PBXFileReference; fileEncoding = 4; lastKnownFileType = sourcecode.swift; path = MessageViewController.swift; sourceTree = "<group>"; };
		A53A64EC1D5342C70061D794 /* Media.xcassets */ = {isa = PBXFileReference; lastKnownFileType = folder.assetcatalog; path = Media.xcassets; sourceTree = "<group>"; };
		A53A64EE1D5343EB0061D794 /* ScanningViewController.swift */ = {isa = PBXFileReference; fileEncoding = 4; lastKnownFileType = sourcecode.swift; path = ScanningViewController.swift; sourceTree = "<group>"; };
		A53A64F01D542F530061D794 /* PopoverViewController.swift */ = {isa = PBXFileReference; fileEncoding = 4; lastKnownFileType = sourcecode.swift; path = PopoverViewController.swift; sourceTree = "<group>"; };
		A55475A01D5488A5002DB0A0 /* PopoverAnimator.swift */ = {isa = PBXFileReference; fileEncoding = 4; lastKnownFileType = sourcecode.swift; path = PopoverAnimator.swift; sourceTree = "<group>"; };
		A55475A51D54BA0D002DB0A0 /* HTTPAPI.swift */ = {isa = PBXFileReference; fileEncoding = 4; lastKnownFileType = sourcecode.swift; path = HTTPAPI.swift; sourceTree = "<group>"; };
		A55475A71D5507DE002DB0A0 /* OAuthViewController.swift */ = {isa = PBXFileReference; fileEncoding = 4; lastKnownFileType = sourcecode.swift; path = OAuthViewController.swift; sourceTree = "<group>"; };
		A55475A91D550E8F002DB0A0 /* Common.swift */ = {isa = PBXFileReference; fileEncoding = 4; lastKnownFileType = sourcecode.swift; path = Common.swift; sourceTree = "<group>"; };
		A55475AE1D55AB26002DB0A0 /* BaseModel.swift */ = {isa = PBXFileReference; fileEncoding = 4; lastKnownFileType = sourcecode.swift; path = BaseModel.swift; sourceTree = "<group>"; };
		A55475B01D55AB4F002DB0A0 /* UserAccount.swift */ = {isa = PBXFileReference; fileEncoding = 4; lastKnownFileType = sourcecode.swift; path = UserAccount.swift; sourceTree = "<group>"; };
		A592D6FC1D6A2851002FE68C /* EmojiconViewController.swift */ = {isa = PBXFileReference; fileEncoding = 4; lastKnownFileType = sourcecode.swift; path = EmojiconViewController.swift; sourceTree = "<group>"; };
		A592D6FD1D6A2851002FE68C /* EmotionFlowLayout.swift */ = {isa = PBXFileReference; fileEncoding = 4; lastKnownFileType = sourcecode.swift; path = EmotionFlowLayout.swift; sourceTree = "<group>"; };
		A592D7021D6A289A002FE68C /* EmotionManager.swift */ = {isa = PBXFileReference; fileEncoding = 4; lastKnownFileType = sourcecode.swift; path = EmotionManager.swift; sourceTree = "<group>"; };
		A592D7041D6A28C3002FE68C /* EmtionPackage.swift */ = {isa = PBXFileReference; fileEncoding = 4; lastKnownFileType = sourcecode.swift; path = EmtionPackage.swift; sourceTree = "<group>"; };
		A592D7061D6A28EB002FE68C /* Emoticon.swift */ = {isa = PBXFileReference; fileEncoding = 4; lastKnownFileType = sourcecode.swift; path = Emoticon.swift; sourceTree = "<group>"; };
		A592D7081D6A29D6002FE68C /* Emoticons.bundle */ = {isa = PBXFileReference; lastKnownFileType = "wrapper.plug-in"; path = Emoticons.bundle; sourceTree = "<group>"; };
		A592D70A1D6A2F6B002FE68C /* ViewController.swift */ = {isa = PBXFileReference; fileEncoding = 4; lastKnownFileType = sourcecode.swift; path = ViewController.swift; sourceTree = "<group>"; };
		A592D70C1D6A8251002FE68C /* EmoticonCollectionViewCell.swift */ = {isa = PBXFileReference; fileEncoding = 4; lastKnownFileType = sourcecode.swift; path = EmoticonCollectionViewCell.swift; sourceTree = "<group>"; };
		A5BB4E661D51C8EC00687DB7 /* Swift_Weibo.app */ = {isa = PBXFileReference; explicitFileType = wrapper.application; includeInIndex = 0; path = Swift_Weibo.app; sourceTree = BUILT_PRODUCTS_DIR; };
		A5BB4E691D51C8EC00687DB7 /* AppDelegate.swift */ = {isa = PBXFileReference; lastKnownFileType = sourcecode.swift; path = AppDelegate.swift; sourceTree = "<group>"; };
		A5BB4E6E1D51C8EC00687DB7 /* Base */ = {isa = PBXFileReference; lastKnownFileType = file.storyboard; name = Base; path = Base.lproj/Main.storyboard; sourceTree = "<group>"; };
		A5BB4E751D51C8EC00687DB7 /* Info.plist */ = {isa = PBXFileReference; lastKnownFileType = text.plist.xml; path = Info.plist; sourceTree = "<group>"; };
		A5BB4E831D51E01200687DB7 /* MainViewController.swift */ = {isa = PBXFileReference; fileEncoding = 4; lastKnownFileType = sourcecode.swift; path = MainViewController.swift; sourceTree = "<group>"; };
		A5BB4E8A1D52D34100687DB7 /* Base */ = {isa = PBXFileReference; lastKnownFileType = file.storyboard; name = Base; path = Base.lproj/Message.storyboard; sourceTree = "<group>"; };
		A5BB4E8F1D52D37C00687DB7 /* Base */ = {isa = PBXFileReference; lastKnownFileType = file.storyboard; name = Base; path = Base.lproj/Profile.storyboard; sourceTree = "<group>"; };
		A5BB4E971D52E37900687DB7 /* Base */ = {isa = PBXFileReference; lastKnownFileType = file.storyboard; name = Base; path = Base.lproj/Discover.storyboard; sourceTree = "<group>"; };
		A5BB4E991D52E37900687DB7 /* Base */ = {isa = PBXFileReference; lastKnownFileType = file.storyboard; name = Base; path = Base.lproj/Home.storyboard; sourceTree = "<group>"; };
		A5BB4E9C1D52FB5600687DB7 /* HomeViewController.swift */ = {isa = PBXFileReference; fileEncoding = 4; lastKnownFileType = sourcecode.swift; path = HomeViewController.swift; sourceTree = "<group>"; };
		A5BB4E9F1D52FC4D00687DB7 /* BaseViewController.swift */ = {isa = PBXFileReference; fileEncoding = 4; lastKnownFileType = sourcecode.swift; path = BaseViewController.swift; sourceTree = "<group>"; };
		A5BB4EA11D52FD0A00687DB7 /* BaseTableViewController.swift */ = {isa = PBXFileReference; fileEncoding = 4; lastKnownFileType = sourcecode.swift; path = BaseTableViewController.swift; sourceTree = "<group>"; };
		A5BB4EA31D53023A00687DB7 /* VisitorView.swift */ = {isa = PBXFileReference; fileEncoding = 4; lastKnownFileType = sourcecode.swift; path = VisitorView.swift; sourceTree = "<group>"; };
		A5BB4EA51D53026400687DB7 /* VisitorView.xib */ = {isa = PBXFileReference; fileEncoding = 4; lastKnownFileType = file.xib; path = VisitorView.xib; sourceTree = "<group>"; };
/* End PBXFileReference section */

/* Begin PBXFrameworksBuildPhase section */
		A5BB4E631D51C8EC00687DB7 /* Frameworks */ = {
			isa = PBXFrameworksBuildPhase;
			buildActionMask = 2147483647;
			files = (
				67F99A93B7CA5D610C386F37 /* Pods_Swift_Weibo.framework in Frameworks */,
			);
			runOnlyForDeploymentPostprocessing = 0;
		};
/* End PBXFrameworksBuildPhase section */

/* Begin PBXGroup section */
		0083E343EC6079E3C5E081FC /* Frameworks */ = {
			isa = PBXGroup;
			children = (
				7C11F8CAF2F9ABA63A32067A /* Pods_Swift_Weibo.framework */,
			);
			name = Frameworks;
			sourceTree = "<group>";
		};
		26CE68DEA5108F586D19B8DE /* Pods */ = {
			isa = PBXGroup;
			children = (
				2D2AFACC3694E48E984D4556 /* Pods-Swift_Weibo.debug.xcconfig */,
				10B01C8BAE27BCBF1DD8756C /* Pods-Swift_Weibo.release.xcconfig */,
			);
			name = Pods;
			sourceTree = "<group>";
		};
		A53A64E71D5309170061D794 /* Category */ = {
			isa = PBXGroup;
			children = (
				A53A64E81D5309450061D794 /* UIView+Extension.swift */,
			);
			path = Category;
			sourceTree = "<group>";
		};
		A55475A41D54B9E8002DB0A0 /* HTTPAPI */ = {
			isa = PBXGroup;
			children = (
				A55475A51D54BA0D002DB0A0 /* HTTPAPI.swift */,
			);
			path = HTTPAPI;
			sourceTree = "<group>";
		};
		A55475AD1D55AB26002DB0A0 /* Model */ = {
			isa = PBXGroup;
			children = (
				A55475AE1D55AB26002DB0A0 /* BaseModel.swift */,
				A55475B01D55AB4F002DB0A0 /* UserAccount.swift */,
			);
			path = Model;
			sourceTree = "<group>";
		};
		A592D6FA1D6A2851002FE68C /* Emoji */ = {
			isa = PBXGroup;
			children = (
				A592D7011D6A287D002FE68C /* EmotionPackage */,
				A592D6FC1D6A2851002FE68C /* EmojiconViewController.swift */,
				A592D6FD1D6A2851002FE68C /* EmotionFlowLayout.swift */,
				A592D70C1D6A8251002FE68C /* EmoticonCollectionViewCell.swift */,
			);
			path = Emoji;
			sourceTree = "<group>";
		};
		A592D7011D6A287D002FE68C /* EmotionPackage */ = {
			isa = PBXGroup;
			children = (
				A592D7081D6A29D6002FE68C /* Emoticons.bundle */,
				A592D7021D6A289A002FE68C /* EmotionManager.swift */,
				A592D7041D6A28C3002FE68C /* EmtionPackage.swift */,
				A592D7061D6A28EB002FE68C /* Emoticon.swift */,
			);
			path = EmotionPackage;
			sourceTree = "<group>";
		};
		A5BB4E5D1D51C8EC00687DB7 = {
			isa = PBXGroup;
			children = (
				A53A64EC1D5342C70061D794 /* Media.xcassets */,
				A5BB4E681D51C8EC00687DB7 /* Swift_Weibo */,
				A5BB4E671D51C8EC00687DB7 /* Products */,
				26CE68DEA5108F586D19B8DE /* Pods */,
				0083E343EC6079E3C5E081FC /* Frameworks */,
			);
			sourceTree = "<group>";
		};
		A5BB4E671D51C8EC00687DB7 /* Products */ = {
			isa = PBXGroup;
			children = (
				A5BB4E661D51C8EC00687DB7 /* Swift_Weibo.app */,
			);
			name = Products;
			sourceTree = "<group>";
		};
		A5BB4E681D51C8EC00687DB7 /* Swift_Weibo */ = {
			isa = PBXGroup;
			children = (
				A5BB4E941D52D78D00687DB7 /* Other */,
				A5BB4E921D52D77E00687DB7 /* Core */,
				A5BB4E7D1D51DB7200687DB7 /* Classes */,
				A5BB4E691D51C8EC00687DB7 /* AppDelegate.swift */,
				A5BB4E751D51C8EC00687DB7 /* Info.plist */,
			);
			path = Swift_Weibo;
			sourceTree = "<group>";
		};
		A5BB4E7D1D51DB7200687DB7 /* Classes */ = {
			isa = PBXGroup;
			children = (
				A5BB4E9E1D52FC2600687DB7 /* Base */,
				A5BB4E801D51DB7200687DB7 /* Main */,
				A5BB4E7F1D51DB7200687DB7 /* Home */,
				A5BB4E7E1D51DB7200687DB7 /* Discover */,
				A5BB4E811D51DB7200687DB7 /* Message */,
				A5BB4E821D51DB7200687DB7 /* Profile */,
			);
			path = Classes;
			sourceTree = "<group>";
		};
		A5BB4E7E1D51DB7200687DB7 /* Discover */ = {
			isa = PBXGroup;
			children = (
				A5BB4E961D52E37900687DB7 /* Discover.storyboard */,
			);
			path = Discover;
			sourceTree = "<group>";
		};
		A5BB4E7F1D51DB7200687DB7 /* Home */ = {
			isa = PBXGroup;
			children = (
				A5BB4E981D52E37900687DB7 /* Home.storyboard */,
				A5BB4E9C1D52FB5600687DB7 /* HomeViewController.swift */,
				A53A64EE1D5343EB0061D794 /* ScanningViewController.swift */,
				A53A64F01D542F530061D794 /* PopoverViewController.swift */,
				A55475A01D5488A5002DB0A0 /* PopoverAnimator.swift */,
				A55475A71D5507DE002DB0A0 /* OAuthViewController.swift */,
			);
			path = Home;
			sourceTree = "<group>";
		};
		A5BB4E801D51DB7200687DB7 /* Main */ = {
			isa = PBXGroup;
			children = (
				A5BB4E6D1D51C8EC00687DB7 /* Main.storyboard */,
				A5BB4E831D51E01200687DB7 /* MainViewController.swift */,
			);
			path = Main;
			sourceTree = "<group>";
		};
		A5BB4E811D51DB7200687DB7 /* Message */ = {
			isa = PBXGroup;
			children = (
				A5BB4E891D52D34100687DB7 /* Message.storyboard */,
				A53A64EA1D53198C0061D794 /* MessageViewController.swift */,
			);
			path = Message;
			sourceTree = "<group>";
		};
		A5BB4E821D51DB7200687DB7 /* Profile */ = {
			isa = PBXGroup;
			children = (
				A5BB4E8E1D52D37C00687DB7 /* Profile.storyboard */,
			);
			path = Profile;
			sourceTree = "<group>";
		};
		A5BB4E921D52D77E00687DB7 /* Core */ = {
			isa = PBXGroup;
			children = (
				A55475AD1D55AB26002DB0A0 /* Model */,
				A55475A41D54B9E8002DB0A0 /* HTTPAPI */,
				A53A64E71D5309170061D794 /* Category */,
				A5BB4E931D52D77F00687DB7 /* Third */,
			);
			path = Core;
			sourceTree = "<group>";
		};
		A5BB4E931D52D77F00687DB7 /* Third */ = {
			isa = PBXGroup;
			children = (
			);
			path = Third;
			sourceTree = "<group>";
		};
		A5BB4E941D52D78D00687DB7 /* Other */ = {
			isa = PBXGroup;
			children = (
				A592D6FA1D6A2851002FE68C /* Emoji */,
				A55475A91D550E8F002DB0A0 /* Common.swift */,
				A592D70A1D6A2F6B002FE68C /* ViewController.swift */,
			);
			path = Other;
			sourceTree = "<group>";
		};
		A5BB4E9E1D52FC2600687DB7 /* Base */ = {
			isa = PBXGroup;
			children = (
				A5BB4E9F1D52FC4D00687DB7 /* BaseViewController.swift */,
				A5BB4EA11D52FD0A00687DB7 /* BaseTableViewController.swift */,
				A5BB4EA31D53023A00687DB7 /* VisitorView.swift */,
				A5BB4EA51D53026400687DB7 /* VisitorView.xib */,
			);
			path = Base;
			sourceTree = "<group>";
		};
/* End PBXGroup section */

/* Begin PBXNativeTarget section */
		A5BB4E651D51C8EC00687DB7 /* Swift_Weibo */ = {
			isa = PBXNativeTarget;
			buildConfigurationList = A5BB4E781D51C8EC00687DB7 /* Build configuration list for PBXNativeTarget "Swift_Weibo" */;
			buildPhases = (
				AA49CD4ECB06BE319C114E10 /* [CP] Check Pods Manifest.lock */,
				A5BB4E621D51C8EC00687DB7 /* Sources */,
				A5BB4E631D51C8EC00687DB7 /* Frameworks */,
				A5BB4E641D51C8EC00687DB7 /* Resources */,
				2EADB98A298FE71652D5B10B /* [CP] Embed Pods Frameworks */,
				EC715C2279D4D8792E923907 /* [CP] Copy Pods Resources */,
			);
			buildRules = (
			);
			dependencies = (
			);
			name = Swift_Weibo;
			productName = Swift_Weibo;
			productReference = A5BB4E661D51C8EC00687DB7 /* Swift_Weibo.app */;
			productType = "com.apple.product-type.application";
		};
/* End PBXNativeTarget section */

/* Begin PBXProject section */
		A5BB4E5E1D51C8EC00687DB7 /* Project object */ = {
			isa = PBXProject;
			attributes = {
				KnownAssetTags = (
					tabbar,
				);
				LastSwiftUpdateCheck = 0730;
				LastUpgradeCheck = 0730;
				ORGANIZATIONNAME = cyc;
				TargetAttributes = {
					A5BB4E651D51C8EC00687DB7 = {
						CreatedOnToolsVersion = 7.3.1;
						DevelopmentTeam = V6LR54DPAG;
					};
				};
			};
			buildConfigurationList = A5BB4E611D51C8EC00687DB7 /* Build configuration list for PBXProject "Swift_Weibo" */;
			compatibilityVersion = "Xcode 3.2";
			developmentRegion = English;
			hasScannedForEncodings = 0;
			knownRegions = (
				en,
				Base,
			);
			mainGroup = A5BB4E5D1D51C8EC00687DB7;
			productRefGroup = A5BB4E671D51C8EC00687DB7 /* Products */;
			projectDirPath = "";
			projectRoot = "";
			targets = (
				A5BB4E651D51C8EC00687DB7 /* Swift_Weibo */,
			);
		};
/* End PBXProject section */

/* Begin PBXResourcesBuildPhase section */
		A5BB4E641D51C8EC00687DB7 /* Resources */ = {
			isa = PBXResourcesBuildPhase;
			buildActionMask = 2147483647;
			files = (
				A5BB4E901D52D37C00687DB7 /* Profile.storyboard in Resources */,
				A592D7091D6A29D6002FE68C /* Emoticons.bundle in Resources */,
				A5BB4E9A1D52E37900687DB7 /* Discover.storyboard in Resources */,
				A53A64ED1D5342C70061D794 /* Media.xcassets in Resources */,
				A5BB4E9B1D52E37900687DB7 /* Home.storyboard in Resources */,
				A5BB4EA61D53026400687DB7 /* VisitorView.xib in Resources */,
				A5BB4E8B1D52D34100687DB7 /* Message.storyboard in Resources */,
				A5BB4E6F1D51C8EC00687DB7 /* Main.storyboard in Resources */,
			);
			runOnlyForDeploymentPostprocessing = 0;
		};
/* End PBXResourcesBuildPhase section */

/* Begin PBXShellScriptBuildPhase section */
		2EADB98A298FE71652D5B10B /* [CP] Embed Pods Frameworks */ = {
			isa = PBXShellScriptBuildPhase;
			buildActionMask = 2147483647;
			files = (
			);
			inputPaths = (
			);
			name = "[CP] Embed Pods Frameworks";
			outputPaths = (
			);
			runOnlyForDeploymentPostprocessing = 0;
			shellPath = /bin/sh;
			shellScript = "\"${SRCROOT}/Pods/Target Support Files/Pods-Swift_Weibo/Pods-Swift_Weibo-frameworks.sh\"\n";
			showEnvVarsInLog = 0;
		};
		AA49CD4ECB06BE319C114E10 /* [CP] Check Pods Manifest.lock */ = {
			isa = PBXShellScriptBuildPhase;
			buildActionMask = 2147483647;
			files = (
			);
			inputPaths = (
			);
			name = "[CP] Check Pods Manifest.lock";
			outputPaths = (
			);
			runOnlyForDeploymentPostprocessing = 0;
			shellPath = /bin/sh;
			shellScript = "diff \"${PODS_ROOT}/../Podfile.lock\" \"${PODS_ROOT}/Manifest.lock\" > /dev/null\nif [[ $? != 0 ]] ; then\n    cat << EOM\nerror: The sandbox is not in sync with the Podfile.lock. Run 'pod install' or update your CocoaPods installation.\nEOM\n    exit 1\nfi\n";
			showEnvVarsInLog = 0;
		};
		EC715C2279D4D8792E923907 /* [CP] Copy Pods Resources */ = {
			isa = PBXShellScriptBuildPhase;
			buildActionMask = 2147483647;
			files = (
			);
			inputPaths = (
			);
			name = "[CP] Copy Pods Resources";
			outputPaths = (
			);
			runOnlyForDeploymentPostprocessing = 0;
			shellPath = /bin/sh;
			shellScript = "\"${SRCROOT}/Pods/Target Support Files/Pods-Swift_Weibo/Pods-Swift_Weibo-resources.sh\"\n";
			showEnvVarsInLog = 0;
		};
/* End PBXShellScriptBuildPhase section */

/* Begin PBXSourcesBuildPhase section */
		A5BB4E621D51C8EC00687DB7 /* Sources */ = {
			isa = PBXSourcesBuildPhase;
			buildActionMask = 2147483647;
			files = (
				A5BB4E6A1D51C8EC00687DB7 /* AppDelegate.swift in Sources */,
				A53A64EF1D5343EB0061D794 /* ScanningViewController.swift in Sources */,
				A53A64F11D542F530061D794 /* PopoverViewController.swift in Sources */,
				A592D6FF1D6A2851002FE68C /* EmojiconViewController.swift in Sources */,
				A592D70B1D6A2F6B002FE68C /* ViewController.swift in Sources */,
				A592D70D1D6A8251002FE68C /* EmoticonCollectionViewCell.swift in Sources */,
				A592D7031D6A289A002FE68C /* EmotionManager.swift in Sources */,
				A53A64E91D5309450061D794 /* UIView+Extension.swift in Sources */,
				A53A64EB1D53198C0061D794 /* MessageViewController.swift in Sources */,
				A5BB4EA01D52FC4D00687DB7 /* BaseViewController.swift in Sources */,
				A55475AA1D550E8F002DB0A0 /* Common.swift in Sources */,
				A5BB4EA21D52FD0A00687DB7 /* BaseTableViewController.swift in Sources */,
				A592D7051D6A28C3002FE68C /* EmtionPackage.swift in Sources */,
				A55475B11D55AB4F002DB0A0 /* UserAccount.swift in Sources */,
				A5BB4EA41D53023A00687DB7 /* VisitorView.swift in Sources */,
				A592D7071D6A28EB002FE68C /* Emoticon.swift in Sources */,
				A55475AF1D55AB26002DB0A0 /* BaseModel.swift in Sources */,
				A55475A11D5488A5002DB0A0 /* PopoverAnimator.swift in Sources */,
				A5BB4E841D51E01200687DB7 /* MainViewController.swift in Sources */,
				A55475A81D5507DE002DB0A0 /* OAuthViewController.swift in Sources */,
				A592D7001D6A2851002FE68C /* EmotionFlowLayout.swift in Sources */,
				A55475A61D54BA0D002DB0A0 /* HTTPAPI.swift in Sources */,
				A5BB4E9D1D52FB5600687DB7 /* HomeViewController.swift in Sources */,
			);
			runOnlyForDeploymentPostprocessing = 0;
		};
/* End PBXSourcesBuildPhase section */

/* Begin PBXVariantGroup section */
		A5BB4E6D1D51C8EC00687DB7 /* Main.storyboard */ = {
			isa = PBXVariantGroup;
			children = (
				A5BB4E6E1D51C8EC00687DB7 /* Base */,
			);
			name = Main.storyboard;
			path = ../..;
			sourceTree = "<group>";
		};
		A5BB4E891D52D34100687DB7 /* Message.storyboard */ = {
			isa = PBXVariantGroup;
			children = (
				A5BB4E8A1D52D34100687DB7 /* Base */,
			);
			name = Message.storyboard;
			path = ../..;
			sourceTree = "<group>";
		};
		A5BB4E8E1D52D37C00687DB7 /* Profile.storyboard */ = {
			isa = PBXVariantGroup;
			children = (
				A5BB4E8F1D52D37C00687DB7 /* Base */,
			);
			name = Profile.storyboard;
			path = ../..;
			sourceTree = "<group>";
		};
		A5BB4E961D52E37900687DB7 /* Discover.storyboard */ = {
			isa = PBXVariantGroup;
			children = (
				A5BB4E971D52E37900687DB7 /* Base */,
			);
			name = Discover.storyboard;
			path = ../..;
			sourceTree = "<group>";
		};
		A5BB4E981D52E37900687DB7 /* Home.storyboard */ = {
			isa = PBXVariantGroup;
			children = (
				A5BB4E991D52E37900687DB7 /* Base */,
			);
			name = Home.storyboard;
			path = ../..;
			sourceTree = "<group>";
		};
/* End PBXVariantGroup section */

/* Begin XCBuildConfiguration section */
		A5BB4E761D51C8EC00687DB7 /* Debug */ = {
			isa = XCBuildConfiguration;
			buildSettings = {
				ALWAYS_SEARCH_USER_PATHS = NO;
				CLANG_ANALYZER_NONNULL = YES;
				CLANG_CXX_LANGUAGE_STANDARD = "gnu++0x";
				CLANG_CXX_LIBRARY = "libc++";
				CLANG_ENABLE_MODULES = YES;
				CLANG_ENABLE_OBJC_ARC = YES;
				CLANG_WARN_BOOL_CONVERSION = YES;
				CLANG_WARN_CONSTANT_CONVERSION = YES;
				CLANG_WARN_DIRECT_OBJC_ISA_USAGE = YES_ERROR;
				CLANG_WARN_EMPTY_BODY = YES;
				CLANG_WARN_ENUM_CONVERSION = YES;
				CLANG_WARN_INT_CONVERSION = YES;
				CLANG_WARN_OBJC_ROOT_CLASS = YES_ERROR;
				CLANG_WARN_UNREACHABLE_CODE = YES;
				CLANG_WARN__DUPLICATE_METHOD_MATCH = YES;
				"CODE_SIGN_IDENTITY[sdk=iphoneos*]" = "iPhone Developer";
				COPY_PHASE_STRIP = NO;
				DEBUG_INFORMATION_FORMAT = dwarf;
				ENABLE_STRICT_OBJC_MSGSEND = YES;
				ENABLE_TESTABILITY = YES;
				GCC_C_LANGUAGE_STANDARD = gnu99;
				GCC_DYNAMIC_NO_PIC = NO;
				GCC_NO_COMMON_BLOCKS = YES;
				GCC_OPTIMIZATION_LEVEL = 0;
				GCC_PREPROCESSOR_DEFINITIONS = (
					"DEBUG=1",
					"$(inherited)",
				);
				GCC_WARN_64_TO_32_BIT_CONVERSION = YES;
				GCC_WARN_ABOUT_RETURN_TYPE = YES_ERROR;
				GCC_WARN_UNDECLARED_SELECTOR = YES;
				GCC_WARN_UNINITIALIZED_AUTOS = YES_AGGRESSIVE;
				GCC_WARN_UNUSED_FUNCTION = YES;
				GCC_WARN_UNUSED_VARIABLE = YES;
				IPHONEOS_DEPLOYMENT_TARGET = 9.3;
				MTL_ENABLE_DEBUG_INFO = YES;
				ONLY_ACTIVE_ARCH = YES;
				SDKROOT = iphoneos;
				SWIFT_OPTIMIZATION_LEVEL = "-Onone";
			};
			name = Debug;
		};
		A5BB4E771D51C8EC00687DB7 /* Release */ = {
			isa = XCBuildConfiguration;
			buildSettings = {
				ALWAYS_SEARCH_USER_PATHS = NO;
				CLANG_ANALYZER_NONNULL = YES;
				CLANG_CXX_LANGUAGE_STANDARD = "gnu++0x";
				CLANG_CXX_LIBRARY = "libc++";
				CLANG_ENABLE_MODULES = YES;
				CLANG_ENABLE_OBJC_ARC = YES;
				CLANG_WARN_BOOL_CONVERSION = YES;
				CLANG_WARN_CONSTANT_CONVERSION = YES;
				CLANG_WARN_DIRECT_OBJC_ISA_USAGE = YES_ERROR;
				CLANG_WARN_EMPTY_BODY = YES;
				CLANG_WARN_ENUM_CONVERSION = YES;
				CLANG_WARN_INT_CONVERSION = YES;
				CLANG_WARN_OBJC_ROOT_CLASS = YES_ERROR;
				CLANG_WARN_UNREACHABLE_CODE = YES;
				CLANG_WARN__DUPLICATE_METHOD_MATCH = YES;
				"CODE_SIGN_IDENTITY[sdk=iphoneos*]" = "iPhone Developer";
				COPY_PHASE_STRIP = NO;
				DEBUG_INFORMATION_FORMAT = "dwarf-with-dsym";
				ENABLE_NS_ASSERTIONS = NO;
				ENABLE_STRICT_OBJC_MSGSEND = YES;
				GCC_C_LANGUAGE_STANDARD = gnu99;
				GCC_NO_COMMON_BLOCKS = YES;
				GCC_WARN_64_TO_32_BIT_CONVERSION = YES;
				GCC_WARN_ABOUT_RETURN_TYPE = YES_ERROR;
				GCC_WARN_UNDECLARED_SELECTOR = YES;
				GCC_WARN_UNINITIALIZED_AUTOS = YES_AGGRESSIVE;
				GCC_WARN_UNUSED_FUNCTION = YES;
				GCC_WARN_UNUSED_VARIABLE = YES;
				IPHONEOS_DEPLOYMENT_TARGET = 9.3;
				MTL_ENABLE_DEBUG_INFO = NO;
				SDKROOT = iphoneos;
				VALIDATE_PRODUCT = YES;
			};
			name = Release;
		};
		A5BB4E791D51C8EC00687DB7 /* Debug */ = {
			isa = XCBuildConfiguration;
			baseConfigurationReference = 2D2AFACC3694E48E984D4556 /* Pods-Swift_Weibo.debug.xcconfig */;
			buildSettings = {
				ASSETCATALOG_COMPILER_APPICON_NAME = AppIcon;
				ASSETCATALOG_COMPILER_LAUNCHIMAGE_NAME = LaunchImage;
				CODE_SIGN_IDENTITY = "iPhone Developer";
				"CODE_SIGN_IDENTITY[sdk=iphoneos*]" = "iPhone Developer";
				GCC_PRECOMPILE_PREFIX_HEADER = YES;
				GCC_PREFIX_HEADER = "";
				INFOPLIST_FILE = Swift_Weibo/Info.plist;
				IPHONEOS_DEPLOYMENT_TARGET = 9.0;
				LD_RUNPATH_SEARCH_PATHS = "$(inherited) @executable_path/Frameworks";
				PRODUCT_BUNDLE_IDENTIFIER = "com.cyc.Swift-Weibo";
				PRODUCT_NAME = "$(TARGET_NAME)";
				PROVISIONING_PROFILE = "";
				SWIFT_OBJC_BRIDGING_HEADER = "";
			};
			name = Debug;
		};
		A5BB4E7A1D51C8EC00687DB7 /* Release */ = {
			isa = XCBuildConfiguration;
			baseConfigurationReference = 10B01C8BAE27BCBF1DD8756C /* Pods-Swift_Weibo.release.xcconfig */;
			buildSettings = {
				ASSETCATALOG_COMPILER_APPICON_NAME = AppIcon;
				ASSETCATALOG_COMPILER_LAUNCHIMAGE_NAME = LaunchImage;
				CODE_SIGN_IDENTITY = "iPhone Developer";
				"CODE_SIGN_IDENTITY[sdk=iphoneos*]" = "iPhone Developer";
				GCC_PRECOMPILE_PREFIX_HEADER = YES;
				GCC_PREFIX_HEADER = "";
				INFOPLIST_FILE = Swift_Weibo/Info.plist;
				IPHONEOS_DEPLOYMENT_TARGET = 9.0;
				LD_RUNPATH_SEARCH_PATHS = "$(inherited) @executable_path/Frameworks";
				PRODUCT_BUNDLE_IDENTIFIER = "com.cyc.Swift-Weibo";
				PRODUCT_NAME = "$(TARGET_NAME)";
				PROVISIONING_PROFILE = "";
				SWIFT_OBJC_BRIDGING_HEADER = "";
			};
			name = Release;
		};
/* End XCBuildConfiguration section */

/* Begin XCConfigurationList section */
		A5BB4E611D51C8EC00687DB7 /* Build configuration list for PBXProject "Swift_Weibo" */ = {
			isa = XCConfigurationList;
			buildConfigurations = (
				A5BB4E761D51C8EC00687DB7 /* Debug */,
				A5BB4E771D51C8EC00687DB7 /* Release */,
			);
			defaultConfigurationIsVisible = 0;
			defaultConfigurationName = Release;
		};
		A5BB4E781D51C8EC00687DB7 /* Build configuration list for PBXNativeTarget "Swift_Weibo" */ = {
			isa = XCConfigurationList;
			buildConfigurations = (
				A5BB4E791D51C8EC00687DB7 /* Debug */,
				A5BB4E7A1D51C8EC00687DB7 /* Release */,
			);
			defaultConfigurationIsVisible = 0;
			defaultConfigurationName = Release;
		};
/* End XCConfigurationList section */
	};
	rootObject = A5BB4E5E1D51C8EC00687DB7 /* Project object */;
}
